
Microsoft Visual Studio Solution File, Format Version 12.00
# Visual Studio Version 16
VisualStudioVersion = 16.0.30011.22
MinimumVisualStudioVersion = 10.0.40219.1
Project("{FAE04EC0-301F-11D3-BF4B-00C04F79EFBC}") = "HanLPDotNet", "HanLPDotNet.csproj", "{341674B2-86E0-4088-83D9-BE03D9D46FF0}"
EndProject
Global
	GlobalSection(SolutionConfigurationPlatforms) = preSolution
		Debug|Any CPU = Debug|Any CPU
		Release|Any CPU = Release|Any CPU
	EndGlobalSection
	GlobalSection(ProjectConfigurationPlatforms) = postSolution
		{341674B2-86E0-4088-83D9-BE03D9D46FF0}.Debug|Any CPU.ActiveCfg = Debug|Any CPU
		{341674B2-86E0-4088-83D9-BE03D9D46FF0}.Debug|Any CPU.Build.0 = Debug|Any CPU
		{341674B2-86E0-4088-83D9-BE03D9D46FF0}.Release|Any CPU.ActiveCfg = Release|Any CPU
		{341674B2-86E0-4088-83D9-BE03D9D46FF0}.Release|Any CPU.Build.0 = Release|Any CPU
	EndGlobalSection
	GlobalSection(SolutionProperties) = preSolution
		HideSolutionNode = FALSE
	EndGlobalSection
	GlobalSection(ExtensibilityGlobals) = postSolution
		SolutionGuid = {60E166C5-7403-41CE-BDA6-15713FFD97F1}
	EndGlobalSection
EndGlobal
